
Microsoft Visual Studio Solution File, Format Version 12.00
# Visual Studio Version 17
VisualStudioVersion = 17.5.002.0
MinimumVisualStudioVersion = 10.0.40219.1
Project("{9A19103F-16F7-4668-BE54-9A1E7A4F7556}") = "tester.net", "tester.net.csproj", "{AF03D100-4209-4447-8A05-D3375151B63C}"
EndProject
Global
	GlobalSection(SolutionConfigurationPlatforms) = preSolution
		Debug|Any CPU = Debug|Any CPU
		Release|Any CPU = Release|Any CPU
	EndGlobalSection
	GlobalSection(ProjectConfigurationPlatforms) = postSolution
		{AF03D100-4209-4447-8A05-D3375151B63C}.Debug|Any CPU.ActiveCfg = Debug|Any CPU
		{AF03D100-4209-4447-8A05-D3375151B63C}.Debug|Any CPU.Build.0 = Debug|Any CPU
		{AF03D100-4209-4447-8A05-D3375151B63C}.Release|Any CPU.ActiveCfg = Release|Any CPU
		{AF03D100-4209-4447-8A05-D3375151B63C}.Release|Any CPU.Build.0 = Release|Any CPU
	EndGlobalSection
	GlobalSection(SolutionProperties) = preSolution
		HideSolutionNode = FALSE
	EndGlobalSection
	GlobalSection(ExtensibilityGlobals) = postSolution
		SolutionGuid = {83A8CE61-B4A2-424B-A686-7D48032E481B}
	EndGlobalSection
EndGlobal
